
Microsoft Visual Studio Solution File, Format Version 12.00
# Visual Studio Version 17
VisualStudioVersion = 17.4.33110.190
MinimumVisualStudioVersion = 10.0.40219.1
Project("{9A19103F-16F7-4668-BE54-9A1E7A4F7556}") = "practicas2daw", "aa1\practicas2daw.csproj", "{F9162D2F-C5C9-4EDA-A4A8-8B022D08B05D}"
EndProject
Global
	GlobalSection(SolutionConfigurationPlatforms) = preSolution
		Debug|Any CPU = Debug|Any CPU
		Release|Any CPU = Release|Any CPU
	EndGlobalSection
	GlobalSection(ProjectConfigurationPlatforms) = postSolution
		{F9162D2F-C5C9-4EDA-A4A8-8B022D08B05D}.Debug|Any CPU.ActiveCfg = Debug|Any CPU
		{F9162D2F-C5C9-4EDA-A4A8-8B022D08B05D}.Debug|Any CPU.Build.0 = Debug|Any CPU
		{F9162D2F-C5C9-4EDA-A4A8-8B022D08B05D}.Release|Any CPU.ActiveCfg = Release|Any CPU
		{F9162D2F-C5C9-4EDA-A4A8-8B022D08B05D}.Release|Any CPU.Build.0 = Release|Any CPU
	EndGlobalSection
	GlobalSection(SolutionProperties) = preSolution
		HideSolutionNode = FALSE
	EndGlobalSection
	GlobalSection(ExtensibilityGlobals) = postSolution
		SolutionGuid = {087809E4-C39D-4C8B-9F74-00CD76DDEF8E}
	EndGlobalSection
EndGlobal
